
Microsoft Visual Studio Solution File, Format Version 12.00
# Visual Studio Version 17
VisualStudioVersion = 17.4.33122.133
MinimumVisualStudioVersion = 10.0.40219.1
Project("{FAE04EC0-301F-11D3-BF4B-00C04F79EFBC}") = "ConsoleApp1", "ConsoleApp1.csproj", "{E3FAD6D0-029F-43D2-A54C-4263E0068E2A}"
EndProject
Global
	GlobalSection(SolutionConfigurationPlatforms) = preSolution
		Debug|Any CPU = Debug|Any CPU
		Release|Any CPU = Release|Any CPU
	EndGlobalSection
	GlobalSection(ProjectConfigurationPlatforms) = postSolution
		{E3FAD6D0-029F-43D2-A54C-4263E0068E2A}.Debug|Any CPU.ActiveCfg = Debug|Any CPU
		{E3FAD6D0-029F-43D2-A54C-4263E0068E2A}.Debug|Any CPU.Build.0 = Debug|Any CPU
		{E3FAD6D0-029F-43D2-A54C-4263E0068E2A}.Release|Any CPU.ActiveCfg = Release|Any CPU
		{E3FAD6D0-029F-43D2-A54C-4263E0068E2A}.Release|Any CPU.Build.0 = Release|Any CPU
	EndGlobalSection
	GlobalSection(SolutionProperties) = preSolution
		HideSolutionNode = FALSE
	EndGlobalSection
	GlobalSection(ExtensibilityGlobals) = postSolution
		SolutionGuid = {DDE215E3-8F59-4D18-A002-200D189CEC5D}
	EndGlobalSection
EndGlobal
