
Microsoft Visual Studio Solution File, Format Version 12.00
# Visual Studio Version 17
VisualStudioVersion = 17.8.34316.72
MinimumVisualStudioVersion = 10.0.40219.1
Project("{FAE04EC0-301F-11D3-BF4B-00C04F79EFBC}") = "ConsoleApp1", "ConsoleApp1.csproj", "{8B91391D-1B36-4EE6-9EF0-7723CD01004B}"
EndProject
Global
	GlobalSection(SolutionConfigurationPlatforms) = preSolution
		Debug|Any CPU = Debug|Any CPU
		Release|Any CPU = Release|Any CPU
	EndGlobalSection
	GlobalSection(ProjectConfigurationPlatforms) = postSolution
		{8B91391D-1B36-4EE6-9EF0-7723CD01004B}.Debug|Any CPU.ActiveCfg = Debug|Any CPU
		{8B91391D-1B36-4EE6-9EF0-7723CD01004B}.Debug|Any CPU.Build.0 = Debug|Any CPU
		{8B91391D-1B36-4EE6-9EF0-7723CD01004B}.Release|Any CPU.ActiveCfg = Release|Any CPU
		{8B91391D-1B36-4EE6-9EF0-7723CD01004B}.Release|Any CPU.Build.0 = Release|Any CPU
	EndGlobalSection
	GlobalSection(SolutionProperties) = preSolution
		HideSolutionNode = FALSE
	EndGlobalSection
	GlobalSection(ExtensibilityGlobals) = postSolution
		SolutionGuid = {55DA17F4-8795-4F37-BAAC-130FC2A7D857}
	EndGlobalSection
EndGlobal
