
Microsoft Visual Studio Solution File, Format Version 12.00
# Visual Studio Version 16
VisualStudioVersion = 16.0.31205.134
MinimumVisualStudioVersion = 10.0.40219.1
Project("{FAE04EC0-301F-11D3-BF4B-00C04F79EFBC}") = "ConsoleApp1", "ConsoleApp1.csproj", "{8F559AB7-56EA-4395-8D87-017E61F70B4C}"
EndProject
Global
	GlobalSection(SolutionConfigurationPlatforms) = preSolution
		Debug|Any CPU = Debug|Any CPU
		Release|Any CPU = Release|Any CPU
	EndGlobalSection
	GlobalSection(ProjectConfigurationPlatforms) = postSolution
		{8F559AB7-56EA-4395-8D87-017E61F70B4C}.Debug|Any CPU.ActiveCfg = Debug|Any CPU
		{8F559AB7-56EA-4395-8D87-017E61F70B4C}.Debug|Any CPU.Build.0 = Debug|Any CPU
		{8F559AB7-56EA-4395-8D87-017E61F70B4C}.Release|Any CPU.ActiveCfg = Release|Any CPU
		{8F559AB7-56EA-4395-8D87-017E61F70B4C}.Release|Any CPU.Build.0 = Release|Any CPU
	EndGlobalSection
	GlobalSection(SolutionProperties) = preSolution
		HideSolutionNode = FALSE
	EndGlobalSection
	GlobalSection(ExtensibilityGlobals) = postSolution
		SolutionGuid = {02000A21-4625-4F02-B3DC-8830FC906C07}
	EndGlobalSection
EndGlobal
