
Microsoft Visual Studio Solution File, Format Version 12.00
# Visual Studio Version 17
VisualStudioVersion = 17.9.34728.123
MinimumVisualStudioVersion = 10.0.40219.1
Project("{FAE04EC0-301F-11D3-BF4B-00C04F79EFBC}") = "ConsoleApp1", "ConsoleApp1.csproj", "{210318A3-D83E-4868-91CF-26C0EE3A555E}"
EndProject
Global
	GlobalSection(SolutionConfigurationPlatforms) = preSolution
		Debug|Any CPU = Debug|Any CPU
		Release|Any CPU = Release|Any CPU
	EndGlobalSection
	GlobalSection(ProjectConfigurationPlatforms) = postSolution
		{210318A3-D83E-4868-91CF-26C0EE3A555E}.Debug|Any CPU.ActiveCfg = Debug|Any CPU
		{210318A3-D83E-4868-91CF-26C0EE3A555E}.Debug|Any CPU.Build.0 = Debug|Any CPU
		{210318A3-D83E-4868-91CF-26C0EE3A555E}.Release|Any CPU.ActiveCfg = Release|Any CPU
		{210318A3-D83E-4868-91CF-26C0EE3A555E}.Release|Any CPU.Build.0 = Release|Any CPU
	EndGlobalSection
	GlobalSection(SolutionProperties) = preSolution
		HideSolutionNode = FALSE
	EndGlobalSection
	GlobalSection(ExtensibilityGlobals) = postSolution
		SolutionGuid = {1BCF0AF4-4E3B-4ECA-A04E-349C021DA337}
	EndGlobalSection
EndGlobal
