
Microsoft Visual Studio Solution File, Format Version 12.00
# Visual Studio Version 17
VisualStudioVersion = 17.8.34316.72
MinimumVisualStudioVersion = 10.0.40219.1
Project("{FAE04EC0-301F-11D3-BF4B-00C04F79EFBC}") = "ConsoleApp1", "ConsoleApp1.csproj", "{D2A03133-F872-4A70-A232-C7C3AB3FFAF2}"
EndProject
Global
	GlobalSection(SolutionConfigurationPlatforms) = preSolution
		Debug|Any CPU = Debug|Any CPU
		Release|Any CPU = Release|Any CPU
	EndGlobalSection
	GlobalSection(ProjectConfigurationPlatforms) = postSolution
		{D2A03133-F872-4A70-A232-C7C3AB3FFAF2}.Debug|Any CPU.ActiveCfg = Debug|Any CPU
		{D2A03133-F872-4A70-A232-C7C3AB3FFAF2}.Debug|Any CPU.Build.0 = Debug|Any CPU
		{D2A03133-F872-4A70-A232-C7C3AB3FFAF2}.Release|Any CPU.ActiveCfg = Release|Any CPU
		{D2A03133-F872-4A70-A232-C7C3AB3FFAF2}.Release|Any CPU.Build.0 = Release|Any CPU
	EndGlobalSection
	GlobalSection(SolutionProperties) = preSolution
		HideSolutionNode = FALSE
	EndGlobalSection
	GlobalSection(ExtensibilityGlobals) = postSolution
		SolutionGuid = {7F0CAA13-3502-484D-83DC-70E417738983}
	EndGlobalSection
EndGlobal
