
Microsoft Visual Studio Solution File, Format Version 12.00
# Visual Studio Version 17
VisualStudioVersion = 17.4.33122.133
MinimumVisualStudioVersion = 10.0.40219.1
Project("{FAE04EC0-301F-11D3-BF4B-00C04F79EFBC}") = "ConsoleApp1", "ConsoleApp1.csproj", "{209AF2C3-B3AE-4412-AF75-E48300A1ACFF}"
EndProject
Global
	GlobalSection(SolutionConfigurationPlatforms) = preSolution
		Debug|Any CPU = Debug|Any CPU
		Release|Any CPU = Release|Any CPU
	EndGlobalSection
	GlobalSection(ProjectConfigurationPlatforms) = postSolution
		{209AF2C3-B3AE-4412-AF75-E48300A1ACFF}.Debug|Any CPU.ActiveCfg = Debug|Any CPU
		{209AF2C3-B3AE-4412-AF75-E48300A1ACFF}.Debug|Any CPU.Build.0 = Debug|Any CPU
		{209AF2C3-B3AE-4412-AF75-E48300A1ACFF}.Release|Any CPU.ActiveCfg = Release|Any CPU
		{209AF2C3-B3AE-4412-AF75-E48300A1ACFF}.Release|Any CPU.Build.0 = Release|Any CPU
	EndGlobalSection
	GlobalSection(SolutionProperties) = preSolution
		HideSolutionNode = FALSE
	EndGlobalSection
	GlobalSection(ExtensibilityGlobals) = postSolution
		SolutionGuid = {A10E63DF-2EFD-40CA-A328-8BA9428405AA}
	EndGlobalSection
EndGlobal
