
Microsoft Visual Studio Solution File, Format Version 12.00
# Visual Studio Version 17
VisualStudioVersion = 17.8.34316.72
MinimumVisualStudioVersion = 10.0.40219.1
Project("{FAE04EC0-301F-11D3-BF4B-00C04F79EFBC}") = "ConsoleApp1", "ConsoleApp1.csproj", "{B88C5DF5-2AB2-49DE-AE21-32B891232884}"
EndProject
Global
	GlobalSection(SolutionConfigurationPlatforms) = preSolution
		Debug|Any CPU = Debug|Any CPU
		Release|Any CPU = Release|Any CPU
	EndGlobalSection
	GlobalSection(ProjectConfigurationPlatforms) = postSolution
		{B88C5DF5-2AB2-49DE-AE21-32B891232884}.Debug|Any CPU.ActiveCfg = Debug|Any CPU
		{B88C5DF5-2AB2-49DE-AE21-32B891232884}.Debug|Any CPU.Build.0 = Debug|Any CPU
		{B88C5DF5-2AB2-49DE-AE21-32B891232884}.Release|Any CPU.ActiveCfg = Release|Any CPU
		{B88C5DF5-2AB2-49DE-AE21-32B891232884}.Release|Any CPU.Build.0 = Release|Any CPU
	EndGlobalSection
	GlobalSection(SolutionProperties) = preSolution
		HideSolutionNode = FALSE
	EndGlobalSection
	GlobalSection(ExtensibilityGlobals) = postSolution
		SolutionGuid = {B3D954F1-C643-4BBE-AC5D-B09B577F621C}
	EndGlobalSection
EndGlobal
