
Microsoft Visual Studio Solution File, Format Version 12.00
# Visual Studio Version 17
VisualStudioVersion = 17.9.34728.123
MinimumVisualStudioVersion = 10.0.40219.1
Project("{FAE04EC0-301F-11D3-BF4B-00C04F79EFBC}") = "ConsoleApp1", "ConsoleApp1.csproj", "{AA2D573C-F82C-4D27-A787-5510B206561A}"
EndProject
Global
	GlobalSection(SolutionConfigurationPlatforms) = preSolution
		Debug|Any CPU = Debug|Any CPU
		Release|Any CPU = Release|Any CPU
	EndGlobalSection
	GlobalSection(ProjectConfigurationPlatforms) = postSolution
		{AA2D573C-F82C-4D27-A787-5510B206561A}.Debug|Any CPU.ActiveCfg = Debug|Any CPU
		{AA2D573C-F82C-4D27-A787-5510B206561A}.Debug|Any CPU.Build.0 = Debug|Any CPU
		{AA2D573C-F82C-4D27-A787-5510B206561A}.Release|Any CPU.ActiveCfg = Release|Any CPU
		{AA2D573C-F82C-4D27-A787-5510B206561A}.Release|Any CPU.Build.0 = Release|Any CPU
	EndGlobalSection
	GlobalSection(SolutionProperties) = preSolution
		HideSolutionNode = FALSE
	EndGlobalSection
	GlobalSection(ExtensibilityGlobals) = postSolution
		SolutionGuid = {C96F3E8D-F1E7-4E90-9C9D-EA271316AE6B}
	EndGlobalSection
EndGlobal
