
Microsoft Visual Studio Solution File, Format Version 12.00
# Visual Studio Version 17
VisualStudioVersion = 17.9.34728.123
MinimumVisualStudioVersion = 10.0.40219.1
Project("{FAE04EC0-301F-11D3-BF4B-00C04F79EFBC}") = "ConsoleApp1", "ConsoleApp1.csproj", "{E0A773FC-9B8E-4AE0-B79B-74D69F7B0FAB}"
EndProject
Global
	GlobalSection(SolutionConfigurationPlatforms) = preSolution
		Debug|Any CPU = Debug|Any CPU
		Release|Any CPU = Release|Any CPU
	EndGlobalSection
	GlobalSection(ProjectConfigurationPlatforms) = postSolution
		{E0A773FC-9B8E-4AE0-B79B-74D69F7B0FAB}.Debug|Any CPU.ActiveCfg = Debug|Any CPU
		{E0A773FC-9B8E-4AE0-B79B-74D69F7B0FAB}.Debug|Any CPU.Build.0 = Debug|Any CPU
		{E0A773FC-9B8E-4AE0-B79B-74D69F7B0FAB}.Release|Any CPU.ActiveCfg = Release|Any CPU
		{E0A773FC-9B8E-4AE0-B79B-74D69F7B0FAB}.Release|Any CPU.Build.0 = Release|Any CPU
	EndGlobalSection
	GlobalSection(SolutionProperties) = preSolution
		HideSolutionNode = FALSE
	EndGlobalSection
	GlobalSection(ExtensibilityGlobals) = postSolution
		SolutionGuid = {85B42108-F687-4043-90E4-FC3A52240BD3}
	EndGlobalSection
EndGlobal
